
Microsoft Visual Studio Solution File, Format Version 12.00
# Visual Studio Version 16
VisualStudioVersion = 16.0.30804.86
MinimumVisualStudioVersion = 10.0.40219.1
Project("{FAE04EC0-301F-11D3-BF4B-00C04F79EFBC}") = "AutoUIDemo", "AutoUIDemo.csproj", "{C8A35BA2-07BC-4D97-A328-3620F6A3F102}"
EndProject
Global
	GlobalSection(SolutionConfigurationPlatforms) = preSolution
		Debug|Any CPU = Debug|Any CPU
		Release|Any CPU = Release|Any CPU
	EndGlobalSection
	GlobalSection(ProjectConfigurationPlatforms) = postSolution
		{C8A35BA2-07BC-4D97-A328-3620F6A3F102}.Debug|Any CPU.ActiveCfg = Debug|Any CPU
		{C8A35BA2-07BC-4D97-A328-3620F6A3F102}.Debug|Any CPU.Build.0 = Debug|Any CPU
		{C8A35BA2-07BC-4D97-A328-3620F6A3F102}.Release|Any CPU.ActiveCfg = Release|Any CPU
		{C8A35BA2-07BC-4D97-A328-3620F6A3F102}.Release|Any CPU.Build.0 = Release|Any CPU
	EndGlobalSection
	GlobalSection(SolutionProperties) = preSolution
		HideSolutionNode = FALSE
	EndGlobalSection
	GlobalSection(ExtensibilityGlobals) = postSolution
		SolutionGuid = {AF1DB547-8ED4-4920-A4B5-EF2DF5DD524A}
	EndGlobalSection
EndGlobal
